// !$*UTF8*$!
{
	archiveVersion = 1;
	classes = {
	};
	objectVersion = 46;
	objects = {

/* Begin PBXFileReference section */
		0D2B2FED1C9073AA0063393E /* loadimage.c */ = {isa = PBXFileReference; lastKnownFileType = sourcecode.c.c; path = loadimage.c; sourceTree = "<group>"; };
		0D2B2FEE1C9073AA0063393E /* loadimage.h */ = {isa = PBXFileReference; lastKnownFileType = sourcecode.c.h; path = loadimage.h; sourceTree = "<group>"; };
		0D2B2FEF1C90DE7F0063393E /* loadexif.c */ = {isa = PBXFileReference; lastKnownFileType = sourcecode.c.c; path = loadexif.c; sourceTree = "<group>"; };
		0D2B2FF01C90DE7F0063393E /* loadexif.h */ = {isa = PBXFileReference; lastKnownFileType = sourcecode.c.h; path = loadexif.h; sourceTree = "<group>"; };
		0D69BD6F1C4EA0E300A10282 /* autos.jpg */ = {isa = PBXFileReference; lastKnownFileType = image.jpeg; path = autos.jpg; sourceTree = "<group>"; };
		0D69BD701C4EA0E300A10282 /* jan.tga */ = {isa = PBXFileReference; lastKnownFileType = file; path = jan.tga; sourceTree = "<group>"; };
		0D69BD711C4EA0E300A10282 /* plane.jpg */ = {isa = PBXFileReference; lastKnownFileType = image.jpeg; path = plane.jpg; sourceTree = "<group>"; };
		0D69BD721C4EA0E300A10282 /* trein.jpg */ = {isa = PBXFileReference; lastKnownFileType = image.jpeg; path = trein.jpg; sourceTree = "<group>"; };
		0D69BD741C4EA17900A10282 /* decodejpeg2rgb.c */ = {isa = PBXFileReference; lastKnownFileType = sourcecode.c.c; path = decodejpeg2rgb.c; sourceTree = "<group>"; tabWidth = 8; usesTabs = 1; };
		0D69BD751C4EA17900A10282 /* image.c */ = {isa = PBXFileReference; lastKnownFileType = sourcecode.c.c; path = image.c; sourceTree = "<group>"; };
		0D69BD761C4EA17900A10282 /* bcm_jpeg.h */ = {isa = PBXFileReference; lastKnownFileType = sourcecode.c.h; path = bcm_jpeg.h; sourceTree = "<group>"; };
		0D69BD771C4EA17900A10282 /* Makefile */ = {isa = PBXFileReference; lastKnownFileType = sourcecode.make; path = Makefile; sourceTree = "<group>"; };
		0D69BD781C4EA17900A10282 /* rectangle.c */ = {isa = PBXFileReference; lastKnownFileType = sourcecode.c.c; path = rectangle.c; sourceTree = "<group>"; };
/* End PBXFileReference section */

/* Begin PBXGroup section */
		0D07D26B1C4E974B00E42556 = {
			isa = PBXGroup;
			children = (
				0D69BD6D1C4E9F7E00A10282 /* src */,
			);
			sourceTree = "<group>";
		};
		0D69BD6D1C4E9F7E00A10282 /* src */ = {
			isa = PBXGroup;
			children = (
				0D69BD731C4EA16500A10282 /* testsrc */,
				0D69BD6E1C4E9F9000A10282 /* testdata */,
			);
			name = src;
			sourceTree = "<group>";
		};
		0D69BD6E1C4E9F9000A10282 /* testdata */ = {
			isa = PBXGroup;
			children = (
				0D69BD6F1C4EA0E300A10282 /* autos.jpg */,
				0D69BD701C4EA0E300A10282 /* jan.tga */,
				0D69BD711C4EA0E300A10282 /* plane.jpg */,
				0D69BD721C4EA0E300A10282 /* trein.jpg */,
			);
			path = testdata;
			sourceTree = "<group>";
		};
		0D69BD731C4EA16500A10282 /* testsrc */ = {
			isa = PBXGroup;
			children = (
				0D69BD741C4EA17900A10282 /* decodejpeg2rgb.c */,
				0D69BD751C4EA17900A10282 /* image.c */,
				0D69BD761C4EA17900A10282 /* bcm_jpeg.h */,
				0D69BD771C4EA17900A10282 /* Makefile */,
				0D69BD781C4EA17900A10282 /* rectangle.c */,
				0D2B2FED1C9073AA0063393E /* loadimage.c */,
				0D2B2FEE1C9073AA0063393E /* loadimage.h */,
				0D2B2FEF1C90DE7F0063393E /* loadexif.c */,
				0D2B2FF01C90DE7F0063393E /* loadexif.h */,
			);
			indentWidth = 8;
			path = testsrc;
			sourceTree = "<group>";
			tabWidth = 8;
			usesTabs = 1;
		};
/* End PBXGroup section */

/* Begin PBXProject section */
		0D07D26C1C4E974B00E42556 /* Project object */ = {
			isa = PBXProject;
			attributes = {
				LastUpgradeCheck = 0720;
			};
			buildConfigurationList = 0D07D26F1C4E974B00E42556 /* Build configuration list for PBXProject "Photoframe" */;
			compatibilityVersion = "Xcode 3.2";
			developmentRegion = English;
			hasScannedForEncodings = 0;
			knownRegions = (
				en,
			);
			mainGroup = 0D07D26B1C4E974B00E42556;
			projectDirPath = "";
			projectRoot = "";
			targets = (
			);
		};
/* End PBXProject section */

/* Begin XCBuildConfiguration section */
		0D07D2701C4E974B00E42556 /* Debug */ = {
			isa = XCBuildConfiguration;
			buildSettings = {
			};
			name = Debug;
		};
		0D07D2711C4E974B00E42556 /* Release */ = {
			isa = XCBuildConfiguration;
			buildSettings = {
			};
			name = Release;
		};
/* End XCBuildConfiguration section */

/* Begin XCConfigurationList section */
		0D07D26F1C4E974B00E42556 /* Build configuration list for PBXProject "Photoframe" */ = {
			isa = XCConfigurationList;
			buildConfigurations = (
				0D07D2701C4E974B00E42556 /* Debug */,
				0D07D2711C4E974B00E42556 /* Release */,
			);
			defaultConfigurationIsVisible = 0;
			defaultConfigurationName = Release;
		};
/* End XCConfigurationList section */
	};
	rootObject = 0D07D26C1C4E974B00E42556 /* Project object */;
}
